
Microsoft Visual Studio Solution File, Format Version 12.00
# Visual Studio Version 16
VisualStudioVersion = 16.0.30114.128
MinimumVisualStudioVersion = 10.0.40219.1
Project("{FAE04EC0-301F-11D3-BF4B-00C04F79EFBC}") = "SC-Compression", "SC-Compression\SC-Compression.csproj", "{7A04B5E8-03DB-4016-80C8-8388D3E9654E}"
EndProject
Global
	GlobalSection(SolutionConfigurationPlatforms) = preSolution
		Debug|Any CPU = Debug|Any CPU
		Release|Any CPU = Release|Any CPU
	EndGlobalSection
	GlobalSection(ProjectConfigurationPlatforms) = postSolution
		{7A04B5E8-03DB-4016-80C8-8388D3E9654E}.Debug|Any CPU.ActiveCfg = Debug|Any CPU
		{7A04B5E8-03DB-4016-80C8-8388D3E9654E}.Debug|Any CPU.Build.0 = Debug|Any CPU
		{7A04B5E8-03DB-4016-80C8-8388D3E9654E}.Release|Any CPU.ActiveCfg = Release|Any CPU
		{7A04B5E8-03DB-4016-80C8-8388D3E9654E}.Release|Any CPU.Build.0 = Release|Any CPU
	EndGlobalSection
	GlobalSection(SolutionProperties) = preSolution
		HideSolutionNode = FALSE
	EndGlobalSection
	GlobalSection(ExtensibilityGlobals) = postSolution
		SolutionGuid = {5D48F7E7-21FF-4967-881E-E903B58605DE}
	EndGlobalSection
EndGlobal
